<Solution>
  <Configurations>
    <Platform Name="Any CPU" />
    <Platform Name="x64" />
    <Platform Name="x86" />
  </Configurations>
  <Project Path="Demo.AppHost/Demo.AppHost.csproj" />
  <Project Path="Demo.Data/Demo.Data.csproj" />
  <Project Path="Demo.Job/Demo.Job.csproj" />
  <Project Path="Demo.MigrationService/Demo.MigrationService.csproj" />
  <Project Path="Demo.ServiceDefaults/Demo.ServiceDefaults.csproj" />
</Solution>
