
Microsoft Visual Studio Solution File, Format Version 12.00
# Visual Studio Version 17
VisualStudioVersion = 17.13.35818.85
MinimumVisualStudioVersion = 10.0.40219.1
Project("{FAE04EC0-301F-11D3-BF4B-00C04F79EFBC}") = "ValidationTracer.AppHost", "ValidationTracer.AppHost\ValidationTracer.AppHost.csproj", "{16B320E6-5EF6-4165-9DC4-DB3D47A3A1E7}"
EndProject
Project("{FAE04EC0-301F-11D3-BF4B-00C04F79EFBC}") = "ValidationTracer.ServiceDefaults", "ValidationTracer.ServiceDefaults\ValidationTracer.ServiceDefaults.csproj", "{C76E3018-D611-6528-37E6-5E65321EFE88}"
EndProject
Project("{FAE04EC0-301F-11D3-BF4B-00C04F79EFBC}") = "ValidationTracer.JobService", "ValidationTracer.JobService\ValidationTracer.JobService.csproj", "{B9ABA285-9642-FF5D-9956-7F92A6CE69D8}"
EndProject
Project("{FAE04EC0-301F-11D3-BF4B-00C04F79EFBC}") = "ValidationTracer.ApiService", "ValidationTracer.ApiService\ValidationTracer.ApiService.csproj", "{0236733A-90D7-08C9-0DD9-E59FD3410101}"
EndProject
Project("{FAE04EC0-301F-11D3-BF4B-00C04F79EFBC}") = "ValidationTracer.Data", "ValidationTracer.Data\ValidationTracer.Data.csproj", "{CBDFF225-BA5D-4754-BF75-463C90BCA32E}"
EndProject
Project("{FAE04EC0-301F-11D3-BF4B-00C04F79EFBC}") = "External.Data", "External.Data\External.Data.csproj", "{3A2644AC-A50D-41F4-B5E7-3CFDB0D1E919}"
EndProject
Project("{FAE04EC0-301F-11D3-BF4B-00C04F79EFBC}") = "External.ApiService", "External.ApiService\External.ApiService.csproj", "{738D1906-E30B-4F3C-A522-69F216D02AF8}"
EndProject
Project("{FAE04EC0-301F-11D3-BF4B-00C04F79EFBC}") = "ValidationTracer.MigrationService", "ValidationTracer.MigrationService\ValidationTracer.MigrationService.csproj", "{64A65894-0CA8-48CE-8B1F-58E627F3F8CA}"
EndProject
Global
	GlobalSection(SolutionConfigurationPlatforms) = preSolution
		Debug|Any CPU = Debug|Any CPU
		Debug|x64 = Debug|x64
		Debug|x86 = Debug|x86
		Release|Any CPU = Release|Any CPU
		Release|x64 = Release|x64
		Release|x86 = Release|x86
	EndGlobalSection
	GlobalSection(ProjectConfigurationPlatforms) = postSolution
		{16B320E6-5EF6-4165-9DC4-DB3D47A3A1E7}.Debug|Any CPU.ActiveCfg = Debug|Any CPU
		{16B320E6-5EF6-4165-9DC4-DB3D47A3A1E7}.Debug|Any CPU.Build.0 = Debug|Any CPU
		{16B320E6-5EF6-4165-9DC4-DB3D47A3A1E7}.Debug|x64.ActiveCfg = Debug|Any CPU
		{16B320E6-5EF6-4165-9DC4-DB3D47A3A1E7}.Debug|x64.Build.0 = Debug|Any CPU
		{16B320E6-5EF6-4165-9DC4-DB3D47A3A1E7}.Debug|x86.ActiveCfg = Debug|Any CPU
		{16B320E6-5EF6-4165-9DC4-DB3D47A3A1E7}.Debug|x86.Build.0 = Debug|Any CPU
		{16B320E6-5EF6-4165-9DC4-DB3D47A3A1E7}.Release|Any CPU.ActiveCfg = Release|Any CPU
		{16B320E6-5EF6-4165-9DC4-DB3D47A3A1E7}.Release|Any CPU.Build.0 = Release|Any CPU
		{16B320E6-5EF6-4165-9DC4-DB3D47A3A1E7}.Release|x64.ActiveCfg = Release|Any CPU
		{16B320E6-5EF6-4165-9DC4-DB3D47A3A1E7}.Release|x64.Build.0 = Release|Any CPU
		{16B320E6-5EF6-4165-9DC4-DB3D47A3A1E7}.Release|x86.ActiveCfg = Release|Any CPU
		{16B320E6-5EF6-4165-9DC4-DB3D47A3A1E7}.Release|x86.Build.0 = Release|Any CPU
		{C76E3018-D611-6528-37E6-5E65321EFE88}.Debug|Any CPU.ActiveCfg = Debug|Any CPU
		{C76E3018-D611-6528-37E6-5E65321EFE88}.Debug|Any CPU.Build.0 = Debug|Any CPU
		{C76E3018-D611-6528-37E6-5E65321EFE88}.Debug|x64.ActiveCfg = Debug|Any CPU
		{C76E3018-D611-6528-37E6-5E65321EFE88}.Debug|x64.Build.0 = Debug|Any CPU
		{C76E3018-D611-6528-37E6-5E65321EFE88}.Debug|x86.ActiveCfg = Debug|Any CPU
		{C76E3018-D611-6528-37E6-5E65321EFE88}.Debug|x86.Build.0 = Debug|Any CPU
		{C76E3018-D611-6528-37E6-5E65321EFE88}.Release|Any CPU.ActiveCfg = Release|Any CPU
		{C76E3018-D611-6528-37E6-5E65321EFE88}.Release|Any CPU.Build.0 = Release|Any CPU
		{C76E3018-D611-6528-37E6-5E65321EFE88}.Release|x64.ActiveCfg = Release|Any CPU
		{C76E3018-D611-6528-37E6-5E65321EFE88}.Release|x64.Build.0 = Release|Any CPU
		{C76E3018-D611-6528-37E6-5E65321EFE88}.Release|x86.ActiveCfg = Release|Any CPU
		{C76E3018-D611-6528-37E6-5E65321EFE88}.Release|x86.Build.0 = Release|Any CPU
		{B9ABA285-9642-FF5D-9956-7F92A6CE69D8}.Debug|Any CPU.ActiveCfg = Debug|Any CPU
		{B9ABA285-9642-FF5D-9956-7F92A6CE69D8}.Debug|Any CPU.Build.0 = Debug|Any CPU
		{B9ABA285-9642-FF5D-9956-7F92A6CE69D8}.Debug|x64.ActiveCfg = Debug|Any CPU
		{B9ABA285-9642-FF5D-9956-7F92A6CE69D8}.Debug|x64.Build.0 = Debug|Any CPU
		{B9ABA285-9642-FF5D-9956-7F92A6CE69D8}.Debug|x86.ActiveCfg = Debug|Any CPU
		{B9ABA285-9642-FF5D-9956-7F92A6CE69D8}.Debug|x86.Build.0 = Debug|Any CPU
		{B9ABA285-9642-FF5D-9956-7F92A6CE69D8}.Release|Any CPU.ActiveCfg = Release|Any CPU
		{B9ABA285-9642-FF5D-9956-7F92A6CE69D8}.Release|Any CPU.Build.0 = Release|Any CPU
		{B9ABA285-9642-FF5D-9956-7F92A6CE69D8}.Release|x64.ActiveCfg = Release|Any CPU
		{B9ABA285-9642-FF5D-9956-7F92A6CE69D8}.Release|x64.Build.0 = Release|Any CPU
		{B9ABA285-9642-FF5D-9956-7F92A6CE69D8}.Release|x86.ActiveCfg = Release|Any CPU
		{B9ABA285-9642-FF5D-9956-7F92A6CE69D8}.Release|x86.Build.0 = Release|Any CPU
		{0236733A-90D7-08C9-0DD9-E59FD3410101}.Debug|Any CPU.ActiveCfg = Debug|Any CPU
		{0236733A-90D7-08C9-0DD9-E59FD3410101}.Debug|Any CPU.Build.0 = Debug|Any CPU
		{0236733A-90D7-08C9-0DD9-E59FD3410101}.Debug|x64.ActiveCfg = Debug|Any CPU
		{0236733A-90D7-08C9-0DD9-E59FD3410101}.Debug|x64.Build.0 = Debug|Any CPU
		{0236733A-90D7-08C9-0DD9-E59FD3410101}.Debug|x86.ActiveCfg = Debug|Any CPU
		{0236733A-90D7-08C9-0DD9-E59FD3410101}.Debug|x86.Build.0 = Debug|Any CPU
		{0236733A-90D7-08C9-0DD9-E59FD3410101}.Release|Any CPU.ActiveCfg = Release|Any CPU
		{0236733A-90D7-08C9-0DD9-E59FD3410101}.Release|Any CPU.Build.0 = Release|Any CPU
		{0236733A-90D7-08C9-0DD9-E59FD3410101}.Release|x64.ActiveCfg = Release|Any CPU
		{0236733A-90D7-08C9-0DD9-E59FD3410101}.Release|x64.Build.0 = Release|Any CPU
		{0236733A-90D7-08C9-0DD9-E59FD3410101}.Release|x86.ActiveCfg = Release|Any CPU
		{0236733A-90D7-08C9-0DD9-E59FD3410101}.Release|x86.Build.0 = Release|Any CPU
		{CBDFF225-BA5D-4754-BF75-463C90BCA32E}.Debug|Any CPU.ActiveCfg = Debug|Any CPU
		{CBDFF225-BA5D-4754-BF75-463C90BCA32E}.Debug|Any CPU.Build.0 = Debug|Any CPU
		{CBDFF225-BA5D-4754-BF75-463C90BCA32E}.Debug|x64.ActiveCfg = Debug|Any CPU
		{CBDFF225-BA5D-4754-BF75-463C90BCA32E}.Debug|x64.Build.0 = Debug|Any CPU
		{CBDFF225-BA5D-4754-BF75-463C90BCA32E}.Debug|x86.ActiveCfg = Debug|Any CPU
		{CBDFF225-BA5D-4754-BF75-463C90BCA32E}.Debug|x86.Build.0 = Debug|Any CPU
		{CBDFF225-BA5D-4754-BF75-463C90BCA32E}.Release|Any CPU.ActiveCfg = Release|Any CPU
		{CBDFF225-BA5D-4754-BF75-463C90BCA32E}.Release|Any CPU.Build.0 = Release|Any CPU
		{CBDFF225-BA5D-4754-BF75-463C90BCA32E}.Release|x64.ActiveCfg = Release|Any CPU
		{CBDFF225-BA5D-4754-BF75-463C90BCA32E}.Release|x64.Build.0 = Release|Any CPU
		{CBDFF225-BA5D-4754-BF75-463C90BCA32E}.Release|x86.ActiveCfg = Release|Any CPU
		{CBDFF225-BA5D-4754-BF75-463C90BCA32E}.Release|x86.Build.0 = Release|Any CPU
		{3A2644AC-A50D-41F4-B5E7-3CFDB0D1E919}.Debug|Any CPU.ActiveCfg = Debug|Any CPU
		{3A2644AC-A50D-41F4-B5E7-3CFDB0D1E919}.Debug|Any CPU.Build.0 = Debug|Any CPU
		{3A2644AC-A50D-41F4-B5E7-3CFDB0D1E919}.Debug|x64.ActiveCfg = Debug|Any CPU
		{3A2644AC-A50D-41F4-B5E7-3CFDB0D1E919}.Debug|x64.Build.0 = Debug|Any CPU
		{3A2644AC-A50D-41F4-B5E7-3CFDB0D1E919}.Debug|x86.ActiveCfg = Debug|Any CPU
		{3A2644AC-A50D-41F4-B5E7-3CFDB0D1E919}.Debug|x86.Build.0 = Debug|Any CPU
		{3A2644AC-A50D-41F4-B5E7-3CFDB0D1E919}.Release|Any CPU.ActiveCfg = Release|Any CPU
		{3A2644AC-A50D-41F4-B5E7-3CFDB0D1E919}.Release|Any CPU.Build.0 = Release|Any CPU
		{3A2644AC-A50D-41F4-B5E7-3CFDB0D1E919}.Release|x64.ActiveCfg = Release|Any CPU
		{3A2644AC-A50D-41F4-B5E7-3CFDB0D1E919}.Release|x64.Build.0 = Release|Any CPU
		{3A2644AC-A50D-41F4-B5E7-3CFDB0D1E919}.Release|x86.ActiveCfg = Release|Any CPU
		{3A2644AC-A50D-41F4-B5E7-3CFDB0D1E919}.Release|x86.Build.0 = Release|Any CPU
		{738D1906-E30B-4F3C-A522-69F216D02AF8}.Debug|Any CPU.ActiveCfg = Debug|Any CPU
		{738D1906-E30B-4F3C-A522-69F216D02AF8}.Debug|Any CPU.Build.0 = Debug|Any CPU
		{738D1906-E30B-4F3C-A522-69F216D02AF8}.Debug|x64.ActiveCfg = Debug|Any CPU
		{738D1906-E30B-4F3C-A522-69F216D02AF8}.Debug|x64.Build.0 = Debug|Any CPU
		{738D1906-E30B-4F3C-A522-69F216D02AF8}.Debug|x86.ActiveCfg = Debug|Any CPU
		{738D1906-E30B-4F3C-A522-69F216D02AF8}.Debug|x86.Build.0 = Debug|Any CPU
		{738D1906-E30B-4F3C-A522-69F216D02AF8}.Release|Any CPU.ActiveCfg = Release|Any CPU
		{738D1906-E30B-4F3C-A522-69F216D02AF8}.Release|Any CPU.Build.0 = Release|Any CPU
		{738D1906-E30B-4F3C-A522-69F216D02AF8}.Release|x64.ActiveCfg = Release|Any CPU
		{738D1906-E30B-4F3C-A522-69F216D02AF8}.Release|x64.Build.0 = Release|Any CPU
		{738D1906-E30B-4F3C-A522-69F216D02AF8}.Release|x86.ActiveCfg = Release|Any CPU
		{738D1906-E30B-4F3C-A522-69F216D02AF8}.Release|x86.Build.0 = Release|Any CPU
		{64A65894-0CA8-48CE-8B1F-58E627F3F8CA}.Debug|Any CPU.ActiveCfg = Debug|Any CPU
		{64A65894-0CA8-48CE-8B1F-58E627F3F8CA}.Debug|Any CPU.Build.0 = Debug|Any CPU
		{64A65894-0CA8-48CE-8B1F-58E627F3F8CA}.Debug|x64.ActiveCfg = Debug|Any CPU
		{64A65894-0CA8-48CE-8B1F-58E627F3F8CA}.Debug|x64.Build.0 = Debug|Any CPU
		{64A65894-0CA8-48CE-8B1F-58E627F3F8CA}.Debug|x86.ActiveCfg = Debug|Any CPU
		{64A65894-0CA8-48CE-8B1F-58E627F3F8CA}.Debug|x86.Build.0 = Debug|Any CPU
		{64A65894-0CA8-48CE-8B1F-58E627F3F8CA}.Release|Any CPU.ActiveCfg = Release|Any CPU
		{64A65894-0CA8-48CE-8B1F-58E627F3F8CA}.Release|Any CPU.Build.0 = Release|Any CPU
		{64A65894-0CA8-48CE-8B1F-58E627F3F8CA}.Release|x64.ActiveCfg = Release|Any CPU
		{64A65894-0CA8-48CE-8B1F-58E627F3F8CA}.Release|x64.Build.0 = Release|Any CPU
		{64A65894-0CA8-48CE-8B1F-58E627F3F8CA}.Release|x86.ActiveCfg = Release|Any CPU
		{64A65894-0CA8-48CE-8B1F-58E627F3F8CA}.Release|x86.Build.0 = Release|Any CPU
	EndGlobalSection
	GlobalSection(SolutionProperties) = preSolution
		HideSolutionNode = FALSE
	EndGlobalSection
	GlobalSection(ExtensibilityGlobals) = postSolution
		SolutionGuid = {AB7B730E-23B3-4DFD-BC9A-FD810794D3F0}
	EndGlobalSection
EndGlobal
